{
  "requires": true,
  "lockfileVersion": 1,
  "dependencies": {
    "argparse": {
      "version": "1.0.10",
      "resolved": "https://registry.npmjs.org/argparse/-/argparse-1.0.10.tgz",
      "integrity": "sha512-o5Roy6tNG4SL/FOkCAN6RzjiakZS25RLYFrcMttJqbdd8BWrnA+fGz57iN5Pb06pvBGvl5gQ0B48dJlslXvoTg==",
      "requires": {
        "sprintf-js": "~1.0.2"
      }
    },
    "entities": {
      "version": "1.1.2",
      "resolved": "https://registry.npmjs.org/entities/-/entities-1.1.2.tgz",
      "integrity": "sha512-f2LZMYl1Fzu7YSBKg+RoROelpOaNrcGmE9AZubeDfrCEia483oW4MI4VyFd5VNHIgQ/7qm1I0wUHK1eJnn2y2w=="
    },
    "linkify-it": {
      "version": "2.0.3",
      "resolved": "https://registry.npmjs.org/linkify-it/-/linkify-it-2.0.3.tgz",
      "integrity": "sha1-2UpGSPmxwXnWT6lykSaL22zpQ08=",
      "requires": {
        "uc.micro": "^1.0.1"
      }
    },
    "markdown-it": {
      "version": "8.4.2",
      "resolved": "https://registry.npmjs.org/markdown-it/-/markdown-it-8.4.2.tgz",
      "integrity": "sha512-GcRz3AWTqSUphY3vsUqQSFMbgR38a4Lh3GWlHRh/7MRwz8mcu9n2IO7HOh+bXHrR9kOPDl5RNCaEsrneb+xhHQ==",
      "requires": {
        "argparse": "^1.0.7",
        "entities": "~1.1.1",
        "linkify-it": "^2.0.0",
        "mdurl": "^1.0.1",
        "uc.micro": "^1.0.5"
      }
    },
    "markdown-it-anchor": {
      "version": "5.0.2",
      "resolved": "https://registry.npmjs.org/markdown-it-anchor/-/markdown-it-anchor-5.0.2.tgz",
      "integrity": "sha512-AFM/woBI8QDJMS/9+MmsBMT5/AR+ImfOsunQZTZhzcTmna3rIzAzbOh5E0l6mlFM/i9666BpUtkqQ9bS7WApCg=="
    },
    "markdown-it-checkbox": {
      "version": "git+https://git@github.com/Lucas-C/markdown-it-checkbox.git#91e00d027fdde837fefa78afeb37b49a85fc752b",
      "from": "git+https://git@github.com/Lucas-C/markdown-it-checkbox.git",
      "requires": {
        "underscore": "^1.8.2"
      }
    },
    "markdown-it-container": {
      "version": "2.0.0",
      "resolved": "https://registry.npmjs.org/markdown-it-container/-/markdown-it-container-2.0.0.tgz",
      "integrity": "sha1-ABm0P9Au7+zi8ZYKKJX7qBpARpU="
    },
    "markdown-it-header-sections": {
      "version": "1.0.0",
      "resolved": "https://registry.npmjs.org/markdown-it-header-sections/-/markdown-it-header-sections-1.0.0.tgz",
      "integrity": "sha512-GndZbs+iTo7NkNRf00VmT4mtFql7VoJNnSwB7hP5xkomGUTdQ78siVZIuRco4fbiWJd45JUemLxUS9vO8luPSA=="
    },
    "markdown-it-include": {
      "version": "1.0.0",
      "resolved": "https://registry.npmjs.org/markdown-it-include/-/markdown-it-include-1.0.0.tgz",
      "integrity": "sha512-KYAyQgZkf+MVfaSCeAWwIMEyXJIMvbZ0wMT0zJyT3Ie52foIPerZJeLufJpKedfEwwPAQSC9T9+aPSmLRR42Cg=="
    },
    "markdown-it-multimd-table": {
      "version": "3.1.3",
      "resolved": "https://registry.npmjs.org/markdown-it-multimd-table/-/markdown-it-multimd-table-3.1.3.tgz",
      "integrity": "sha1-l5Jr4N87WWdhGEZM5D0C03nKNNw=",
      "requires": {
        "markdown-it": "^5.0.3"
      },
      "dependencies": {
        "linkify-it": {
          "version": "1.2.4",
          "resolved": "https://registry.npmjs.org/linkify-it/-/linkify-it-1.2.4.tgz",
          "integrity": "sha1-B3NSbDF8j9E71TTuHRgP+Iq/iBo=",
          "requires": {
            "uc.micro": "^1.0.1"
          }
        },
        "markdown-it": {
          "version": "5.1.0",
          "resolved": "https://registry.npmjs.org/markdown-it/-/markdown-it-5.1.0.tgz",
          "integrity": "sha1-JShrhGW6xJbz8bd+7VRGQ+m9cY0=",
          "requires": {
            "argparse": "~1.0.3",
            "entities": "~1.1.1",
            "linkify-it": "~1.2.0",
            "mdurl": "~1.0.1",
            "uc.micro": "^1.0.0"
          }
        }
      }
    },
    "markdown-it-smartarrows": {
      "version": "1.0.1",
      "resolved": "https://registry.npmjs.org/markdown-it-smartarrows/-/markdown-it-smartarrows-1.0.1.tgz",
      "integrity": "sha1-tXDpwP+YEuDbas4Zr6W6ErZLuac="
    },
    "markdown-it-table-of-contents": {
      "version": "0.4.3",
      "resolved": "https://registry.npmjs.org/markdown-it-table-of-contents/-/markdown-it-table-of-contents-0.4.3.tgz",
      "integrity": "sha512-x/OdaRzLYxAjmB+jIVlXuE3nX7tZTLDQxm58RkgjTLyQ+I290jYQvPS9cJjVN6SM3U6K6CHKYNgUtPNZmLblYQ=="
    },
    "mdurl": {
      "version": "1.0.1",
      "resolved": "https://registry.npmjs.org/mdurl/-/mdurl-1.0.1.tgz",
      "integrity": "sha1-/oWy7HWlkDfyrf7BAP1sYBdhFS4="
    },
    "minimist": {
      "version": "1.2.0",
      "resolved": "https://registry.npmjs.org/minimist/-/minimist-1.2.0.tgz",
      "integrity": "sha1-o1AIsg9BOD7sH7kU9M1d95omQoQ="
    },
    "sprintf-js": {
      "version": "1.0.3",
      "resolved": "https://registry.npmjs.org/sprintf-js/-/sprintf-js-1.0.3.tgz",
      "integrity": "sha1-BOaSb2YolTVPPdAVIDYzuFcpfiw="
    },
    "uc.micro": {
      "version": "1.0.5",
      "resolved": "https://registry.npmjs.org/uc.micro/-/uc.micro-1.0.5.tgz",
      "integrity": "sha512-JoLI4g5zv5qNyT09f4YAvEZIIV1oOjqnewYg5D38dkQljIzpPT296dbIGvKro3digYI1bkb7W6EP1y4uDlmzLg=="
    },
    "underscore": {
      "version": "1.9.1",
      "resolved": "https://registry.npmjs.org/underscore/-/underscore-1.9.1.tgz",
      "integrity": "sha512-5/4etnCkd9c8gwgowi5/om/mYO5ajCaOgdzj/oW+0eQV9WxKBDZw5+ycmKmeaTXjInS/W0BzpGLo2xR2aBwZdg=="
    }
  }
}
